
Microsoft Visual Studio Solution File, Format Version 12.00
# Visual Studio Version 17
VisualStudioVersion = 17.11.35312.102
MinimumVisualStudioVersion = 10.0.40219.1
Project("{FAE04EC0-301F-11D3-BF4B-00C04F79EFBC}") = "DubRep", "DubRep\DubRep.csproj", "{451C280D-669B-43EF-8FE7-811F7A03B506}"
EndProject
Global
	GlobalSection(SolutionConfigurationPlatforms) = preSolution
		Debug|Any CPU = Debug|Any CPU
		Release|Any CPU = Release|Any CPU
	EndGlobalSection
	GlobalSection(ProjectConfigurationPlatforms) = postSolution
		{451C280D-669B-43EF-8FE7-811F7A03B506}.Debug|Any CPU.ActiveCfg = Debug|Any CPU
		{451C280D-669B-43EF-8FE7-811F7A03B506}.Debug|Any CPU.Build.0 = Debug|Any CPU
		{451C280D-669B-43EF-8FE7-811F7A03B506}.Release|Any CPU.ActiveCfg = Release|Any CPU
		{451C280D-669B-43EF-8FE7-811F7A03B506}.Release|Any CPU.Build.0 = Release|Any CPU
	EndGlobalSection
	GlobalSection(SolutionProperties) = preSolution
		HideSolutionNode = FALSE
	EndGlobalSection
	GlobalSection(ExtensibilityGlobals) = postSolution
		SolutionGuid = {1CEF68BB-17CC-4A1F-BF0E-47D30987B4D5}
	EndGlobalSection
EndGlobal
